// !$*UTF8*$!
{
	archiveVersion = 1;
	classes = {
	};
	objectVersion = 46;
	objects = {

/* Begin PBXBuildFile section */
		1C0A08241BC939FB003E7333 /* 2.png in Resources */ = {isa = PBXBuildFile; fileRef = 1C0A08211BC939FB003E7333 /* 2.png */; settings = {ASSET_TAGS = (); }; };
		1C0A08251BC939FB003E7333 /* 1.png in Resources */ = {isa = PBXBuildFile; fileRef = 1C0A08221BC939FB003E7333 /* 1.png */; settings = {ASSET_TAGS = (); }; };
		1C0A08261BC939FB003E7333 /* 0.png in Resources */ = {isa = PBXBuildFile; fileRef = 1C0A08231BC939FB003E7333 /* 0.png */; settings = {ASSET_TAGS = (); }; };
		1CD47D741BC59471002BB2CB /* main.m in Sources */ = {isa = PBXBuildFile; fileRef = 1CD47D731BC59471002BB2CB /* main.m */; };
		1CD47D771BC59471002BB2CB /* AppDelegate.m in Sources */ = {isa = PBXBuildFile; fileRef = 1CD47D761BC59471002BB2CB /* AppDelegate.m */; };
		1CD47D7F1BC59471002BB2CB /* Assets.xcassets in Resources */ = {isa = PBXBuildFile; fileRef = 1CD47D7E1BC59471002BB2CB /* Assets.xcassets */; };
		1CD47D821BC59471002BB2CB /* LaunchScreen.storyboard in Resources */ = {isa = PBXBuildFile; fileRef = 1CD47D801BC59471002BB2CB /* LaunchScreen.storyboard */; };
		1CFC9C901BD58946002191E7 /* TEColorCrossfade.m in Sources */ = {isa = PBXBuildFile; fileRef = 1CFC9C891BD58946002191E7 /* TEColorCrossfade.m */; settings = {ASSET_TAGS = (); }; };
		1CFC9C911BD58946002191E7 /* TETinderButton.m in Sources */ = {isa = PBXBuildFile; fileRef = 1CFC9C8B1BD58946002191E7 /* TETinderButton.m */; settings = {ASSET_TAGS = (); }; };
		1CFC9C921BD58946002191E7 /* TETinderButtonSpecifics.m in Sources */ = {isa = PBXBuildFile; fileRef = 1CFC9C8D1BD58946002191E7 /* TETinderButtonSpecifics.m */; settings = {ASSET_TAGS = (); }; };
		1CFC9C931BD58946002191E7 /* TETinderPageView.m in Sources */ = {isa = PBXBuildFile; fileRef = 1CFC9C8F1BD58946002191E7 /* TETinderPageView.m */; settings = {ASSET_TAGS = (); }; };
/* End PBXBuildFile section */

/* Begin PBXFileReference section */
		1C0A08211BC939FB003E7333 /* 2.png */ = {isa = PBXFileReference; lastKnownFileType = image.png; path = 2.png; sourceTree = "<group>"; };
		1C0A08221BC939FB003E7333 /* 1.png */ = {isa = PBXFileReference; lastKnownFileType = image.png; path = 1.png; sourceTree = "<group>"; };
		1C0A08231BC939FB003E7333 /* 0.png */ = {isa = PBXFileReference; lastKnownFileType = image.png; path = 0.png; sourceTree = "<group>"; };
		1CD47D6F1BC59471002BB2CB /* TETinderPageViewDemo.app */ = {isa = PBXFileReference; explicitFileType = wrapper.application; includeInIndex = 0; path = TETinderPageViewDemo.app; sourceTree = BUILT_PRODUCTS_DIR; };
		1CD47D731BC59471002BB2CB /* main.m */ = {isa = PBXFileReference; lastKnownFileType = sourcecode.c.objc; path = main.m; sourceTree = "<group>"; };
		1CD47D751BC59471002BB2CB /* AppDelegate.h */ = {isa = PBXFileReference; lastKnownFileType = sourcecode.c.h; path = AppDelegate.h; sourceTree = "<group>"; };
		1CD47D761BC59471002BB2CB /* AppDelegate.m */ = {isa = PBXFileReference; lastKnownFileType = sourcecode.c.objc; path = AppDelegate.m; sourceTree = "<group>"; };
		1CD47D7E1BC59471002BB2CB /* Assets.xcassets */ = {isa = PBXFileReference; lastKnownFileType = folder.assetcatalog; path = Assets.xcassets; sourceTree = "<group>"; };
		1CD47D811BC59471002BB2CB /* Base */ = {isa = PBXFileReference; lastKnownFileType = file.storyboard; name = Base; path = Base.lproj/LaunchScreen.storyboard; sourceTree = "<group>"; };
		1CD47D831BC59471002BB2CB /* Info.plist */ = {isa = PBXFileReference; lastKnownFileType = text.plist.xml; path = Info.plist; sourceTree = "<group>"; };
		1CFC9C881BD58946002191E7 /* TEColorCrossfade.h */ = {isa = PBXFileReference; fileEncoding = 4; lastKnownFileType = sourcecode.c.h; name = TEColorCrossfade.h; path = lib/TEColorCrossfade.h; sourceTree = SOURCE_ROOT; };
		1CFC9C891BD58946002191E7 /* TEColorCrossfade.m */ = {isa = PBXFileReference; fileEncoding = 4; lastKnownFileType = sourcecode.c.objc; name = TEColorCrossfade.m; path = lib/TEColorCrossfade.m; sourceTree = SOURCE_ROOT; };
		1CFC9C8A1BD58946002191E7 /* TETinderButton.h */ = {isa = PBXFileReference; fileEncoding = 4; lastKnownFileType = sourcecode.c.h; name = TETinderButton.h; path = lib/TETinderButton.h; sourceTree = SOURCE_ROOT; };
		1CFC9C8B1BD58946002191E7 /* TETinderButton.m */ = {isa = PBXFileReference; fileEncoding = 4; lastKnownFileType = sourcecode.c.objc; name = TETinderButton.m; path = lib/TETinderButton.m; sourceTree = SOURCE_ROOT; };
		1CFC9C8C1BD58946002191E7 /* TETinderButtonSpecifics.h */ = {isa = PBXFileReference; fileEncoding = 4; lastKnownFileType = sourcecode.c.h; name = TETinderButtonSpecifics.h; path = lib/TETinderButtonSpecifics.h; sourceTree = SOURCE_ROOT; };
		1CFC9C8D1BD58946002191E7 /* TETinderButtonSpecifics.m */ = {isa = PBXFileReference; fileEncoding = 4; lastKnownFileType = sourcecode.c.objc; name = TETinderButtonSpecifics.m; path = lib/TETinderButtonSpecifics.m; sourceTree = SOURCE_ROOT; };
		1CFC9C8E1BD58946002191E7 /* TETinderPageView.h */ = {isa = PBXFileReference; fileEncoding = 4; lastKnownFileType = sourcecode.c.h; name = TETinderPageView.h; path = lib/TETinderPageView.h; sourceTree = SOURCE_ROOT; };
		1CFC9C8F1BD58946002191E7 /* TETinderPageView.m */ = {isa = PBXFileReference; fileEncoding = 4; lastKnownFileType = sourcecode.c.objc; name = TETinderPageView.m; path = lib/TETinderPageView.m; sourceTree = SOURCE_ROOT; };
/* End PBXFileReference section */

/* Begin PBXFrameworksBuildPhase section */
		1CD47D6C1BC59471002BB2CB /* Frameworks */ = {
			isa = PBXFrameworksBuildPhase;
			buildActionMask = 2147483647;
			files = (
			);
			runOnlyForDeploymentPostprocessing = 0;
		};
/* End PBXFrameworksBuildPhase section */

/* Begin PBXGroup section */
		1CAB53D21BC6EEBB003CC4B6 /* icons */ = {
			isa = PBXGroup;
			children = (
				1C0A08211BC939FB003E7333 /* 2.png */,
				1C0A08221BC939FB003E7333 /* 1.png */,
				1C0A08231BC939FB003E7333 /* 0.png */,
			);
			path = icons;
			sourceTree = "<group>";
		};
		1CD47D661BC59471002BB2CB = {
			isa = PBXGroup;
			children = (
				1CD47D711BC59471002BB2CB /* TETinderPageViewDemo */,
				1CD47D701BC59471002BB2CB /* Products */,
			);
			sourceTree = "<group>";
		};
		1CD47D701BC59471002BB2CB /* Products */ = {
			isa = PBXGroup;
			children = (
				1CD47D6F1BC59471002BB2CB /* TETinderPageViewDemo.app */,
			);
			name = Products;
			sourceTree = "<group>";
		};
		1CD47D711BC59471002BB2CB /* TETinderPageViewDemo */ = {
			isa = PBXGroup;
			children = (
				1CD47D751BC59471002BB2CB /* AppDelegate.h */,
				1CD47D761BC59471002BB2CB /* AppDelegate.m */,
				1CFC9C881BD58946002191E7 /* TEColorCrossfade.h */,
				1CFC9C891BD58946002191E7 /* TEColorCrossfade.m */,
				1CFC9C8A1BD58946002191E7 /* TETinderButton.h */,
				1CFC9C8B1BD58946002191E7 /* TETinderButton.m */,
				1CFC9C8C1BD58946002191E7 /* TETinderButtonSpecifics.h */,
				1CFC9C8D1BD58946002191E7 /* TETinderButtonSpecifics.m */,
				1CFC9C8E1BD58946002191E7 /* TETinderPageView.h */,
				1CFC9C8F1BD58946002191E7 /* TETinderPageView.m */,
				1CAB53D21BC6EEBB003CC4B6 /* icons */,
				1CD47D7E1BC59471002BB2CB /* Assets.xcassets */,
				1CD47D801BC59471002BB2CB /* LaunchScreen.storyboard */,
				1CD47D831BC59471002BB2CB /* Info.plist */,
				1CD47D721BC59471002BB2CB /* Supporting Files */,
			);
			path = TETinderPageViewDemo;
			sourceTree = "<group>";
		};
		1CD47D721BC59471002BB2CB /* Supporting Files */ = {
			isa = PBXGroup;
			children = (
				1CD47D731BC59471002BB2CB /* main.m */,
			);
			name = "Supporting Files";
			sourceTree = "<group>";
		};
/* End PBXGroup section */

/* Begin PBXNativeTarget section */
		1CD47D6E1BC59471002BB2CB /* TETinderPageViewDemo */ = {
			isa = PBXNativeTarget;
			buildConfigurationList = 1CD47D861BC59471002BB2CB /* Build configuration list for PBXNativeTarget "TETinderPageViewDemo" */;
			buildPhases = (
				1CD47D6B1BC59471002BB2CB /* Sources */,
				1CD47D6C1BC59471002BB2CB /* Frameworks */,
				1CD47D6D1BC59471002BB2CB /* Resources */,
			);
			buildRules = (
			);
			dependencies = (
			);
			name = TETinderPageViewDemo;
			productName = TinderPageView;
			productReference = 1CD47D6F1BC59471002BB2CB /* TETinderPageViewDemo.app */;
			productType = "com.apple.product-type.application";
		};
/* End PBXNativeTarget section */

/* Begin PBXProject section */
		1CD47D671BC59471002BB2CB /* Project object */ = {
			isa = PBXProject;
			attributes = {
				LastUpgradeCheck = 0700;
				ORGANIZATIONNAME = "Timothy Edwards";
				TargetAttributes = {
					1CD47D6E1BC59471002BB2CB = {
						CreatedOnToolsVersion = 7.0.1;
					};
				};
			};
			buildConfigurationList = 1CD47D6A1BC59471002BB2CB /* Build configuration list for PBXProject "TETinderPageViewDemo" */;
			compatibilityVersion = "Xcode 3.2";
			developmentRegion = English;
			hasScannedForEncodings = 0;
			knownRegions = (
				en,
				Base,
			);
			mainGroup = 1CD47D661BC59471002BB2CB;
			productRefGroup = 1CD47D701BC59471002BB2CB /* Products */;
			projectDirPath = "";
			projectRoot = "";
			targets = (
				1CD47D6E1BC59471002BB2CB /* TETinderPageViewDemo */,
			);
		};
/* End PBXProject section */

/* Begin PBXResourcesBuildPhase section */
		1CD47D6D1BC59471002BB2CB /* Resources */ = {
			isa = PBXResourcesBuildPhase;
			buildActionMask = 2147483647;
			files = (
				1CD47D821BC59471002BB2CB /* LaunchScreen.storyboard in Resources */,
				1CD47D7F1BC59471002BB2CB /* Assets.xcassets in Resources */,
				1C0A08261BC939FB003E7333 /* 0.png in Resources */,
				1C0A08241BC939FB003E7333 /* 2.png in Resources */,
				1C0A08251BC939FB003E7333 /* 1.png in Resources */,
			);
			runOnlyForDeploymentPostprocessing = 0;
		};
/* End PBXResourcesBuildPhase section */

/* Begin PBXSourcesBuildPhase section */
		1CD47D6B1BC59471002BB2CB /* Sources */ = {
			isa = PBXSourcesBuildPhase;
			buildActionMask = 2147483647;
			files = (
				1CFC9C931BD58946002191E7 /* TETinderPageView.m in Sources */,
				1CFC9C911BD58946002191E7 /* TETinderButton.m in Sources */,
				1CD47D771BC59471002BB2CB /* AppDelegate.m in Sources */,
				1CFC9C901BD58946002191E7 /* TEColorCrossfade.m in Sources */,
				1CFC9C921BD58946002191E7 /* TETinderButtonSpecifics.m in Sources */,
				1CD47D741BC59471002BB2CB /* main.m in Sources */,
			);
			runOnlyForDeploymentPostprocessing = 0;
		};
/* End PBXSourcesBuildPhase section */

/* Begin PBXVariantGroup section */
		1CD47D801BC59471002BB2CB /* LaunchScreen.storyboard */ = {
			isa = PBXVariantGroup;
			children = (
				1CD47D811BC59471002BB2CB /* Base */,
			);
			name = LaunchScreen.storyboard;
			sourceTree = "<group>";
		};
/* End PBXVariantGroup section */

/* Begin XCBuildConfiguration section */
		1CD47D841BC59471002BB2CB /* Debug */ = {
			isa = XCBuildConfiguration;
			buildSettings = {
				ALWAYS_SEARCH_USER_PATHS = NO;
				CLANG_CXX_LANGUAGE_STANDARD = "gnu++0x";
				CLANG_CXX_LIBRARY = "libc++";
				CLANG_ENABLE_MODULES = YES;
				CLANG_ENABLE_OBJC_ARC = YES;
				CLANG_WARN_BOOL_CONVERSION = YES;
				CLANG_WARN_CONSTANT_CONVERSION = YES;
				CLANG_WARN_DIRECT_OBJC_ISA_USAGE = YES_ERROR;
				CLANG_WARN_EMPTY_BODY = YES;
				CLANG_WARN_ENUM_CONVERSION = YES;
				CLANG_WARN_INT_CONVERSION = YES;
				CLANG_WARN_OBJC_ROOT_CLASS = YES_ERROR;
				CLANG_WARN_UNREACHABLE_CODE = YES;
				CLANG_WARN__DUPLICATE_METHOD_MATCH = YES;
				"CODE_SIGN_IDENTITY[sdk=iphoneos*]" = "iPhone Developer";
				COPY_PHASE_STRIP = NO;
				DEBUG_INFORMATION_FORMAT = dwarf;
				ENABLE_STRICT_OBJC_MSGSEND = YES;
				ENABLE_TESTABILITY = YES;
				GCC_C_LANGUAGE_STANDARD = gnu99;
				GCC_DYNAMIC_NO_PIC = NO;
				GCC_NO_COMMON_BLOCKS = YES;
				GCC_OPTIMIZATION_LEVEL = 0;
				GCC_PREPROCESSOR_DEFINITIONS = (
					"DEBUG=1",
					"$(inherited)",
				);
				GCC_WARN_64_TO_32_BIT_CONVERSION = YES;
				GCC_WARN_ABOUT_RETURN_TYPE = YES_ERROR;
				GCC_WARN_UNDECLARED_SELECTOR = YES;
				GCC_WARN_UNINITIALIZED_AUTOS = YES_AGGRESSIVE;
				GCC_WARN_UNUSED_FUNCTION = YES;
				GCC_WARN_UNUSED_VARIABLE = YES;
				IPHONEOS_DEPLOYMENT_TARGET = 9.0;
				MTL_ENABLE_DEBUG_INFO = YES;
				ONLY_ACTIVE_ARCH = YES;
				SDKROOT = iphoneos;
				TARGETED_DEVICE_FAMILY = "1,2";
			};
			name = Debug;
		};
		1CD47D851BC59471002BB2CB /* Release */ = {
			isa = XCBuildConfiguration;
			buildSettings = {
				ALWAYS_SEARCH_USER_PATHS = NO;
				CLANG_CXX_LANGUAGE_STANDARD = "gnu++0x";
				CLANG_CXX_LIBRARY = "libc++";
				CLANG_ENABLE_MODULES = YES;
				CLANG_ENABLE_OBJC_ARC = YES;
				CLANG_WARN_BOOL_CONVERSION = YES;
				CLANG_WARN_CONSTANT_CONVERSION = YES;
				CLANG_WARN_DIRECT_OBJC_ISA_USAGE = YES_ERROR;
				CLANG_WARN_EMPTY_BODY = YES;
				CLANG_WARN_ENUM_CONVERSION = YES;
				CLANG_WARN_INT_CONVERSION = YES;
				CLANG_WARN_OBJC_ROOT_CLASS = YES_ERROR;
				CLANG_WARN_UNREACHABLE_CODE = YES;
				CLANG_WARN__DUPLICATE_METHOD_MATCH = YES;
				"CODE_SIGN_IDENTITY[sdk=iphoneos*]" = "iPhone Developer";
				COPY_PHASE_STRIP = NO;
				DEBUG_INFORMATION_FORMAT = "dwarf-with-dsym";
				ENABLE_NS_ASSERTIONS = NO;
				ENABLE_STRICT_OBJC_MSGSEND = YES;
				GCC_C_LANGUAGE_STANDARD = gnu99;
				GCC_NO_COMMON_BLOCKS = YES;
				GCC_WARN_64_TO_32_BIT_CONVERSION = YES;
				GCC_WARN_ABOUT_RETURN_TYPE = YES_ERROR;
				GCC_WARN_UNDECLARED_SELECTOR = YES;
				GCC_WARN_UNINITIALIZED_AUTOS = YES_AGGRESSIVE;
				GCC_WARN_UNUSED_FUNCTION = YES;
				GCC_WARN_UNUSED_VARIABLE = YES;
				IPHONEOS_DEPLOYMENT_TARGET = 9.0;
				MTL_ENABLE_DEBUG_INFO = NO;
				SDKROOT = iphoneos;
				TARGETED_DEVICE_FAMILY = "1,2";
				VALIDATE_PRODUCT = YES;
			};
			name = Release;
		};
		1CD47D871BC59471002BB2CB /* Debug */ = {
			isa = XCBuildConfiguration;
			buildSettings = {
				ASSETCATALOG_COMPILER_APPICON_NAME = AppIcon;
				INFOPLIST_FILE = "$(SRCROOT)/TETinderPageViewDemo/Info.plist";
				IPHONEOS_DEPLOYMENT_TARGET = 8.4;
				LD_RUNPATH_SEARCH_PATHS = "$(inherited) @executable_path/Frameworks";
				PRODUCT_BUNDLE_IDENTIFIER = TimothyEdwards.TinderPageView;
				PRODUCT_NAME = TETinderPageViewDemo;
			};
			name = Debug;
		};
		1CD47D881BC59471002BB2CB /* Release */ = {
			isa = XCBuildConfiguration;
			buildSettings = {
				ASSETCATALOG_COMPILER_APPICON_NAME = AppIcon;
				INFOPLIST_FILE = "$(SRCROOT)/TETinderPageViewDemo/Info.plist";
				IPHONEOS_DEPLOYMENT_TARGET = 8.4;
				LD_RUNPATH_SEARCH_PATHS = "$(inherited) @executable_path/Frameworks";
				PRODUCT_BUNDLE_IDENTIFIER = TimothyEdwards.TinderPageView;
				PRODUCT_NAME = TETinderPageViewDemo;
			};
			name = Release;
		};
/* End XCBuildConfiguration section */

/* Begin XCConfigurationList section */
		1CD47D6A1BC59471002BB2CB /* Build configuration list for PBXProject "TETinderPageViewDemo" */ = {
			isa = XCConfigurationList;
			buildConfigurations = (
				1CD47D841BC59471002BB2CB /* Debug */,
				1CD47D851BC59471002BB2CB /* Release */,
			);
			defaultConfigurationIsVisible = 0;
			defaultConfigurationName = Release;
		};
		1CD47D861BC59471002BB2CB /* Build configuration list for PBXNativeTarget "TETinderPageViewDemo" */ = {
			isa = XCConfigurationList;
			buildConfigurations = (
				1CD47D871BC59471002BB2CB /* Debug */,
				1CD47D881BC59471002BB2CB /* Release */,
			);
			defaultConfigurationIsVisible = 0;
			defaultConfigurationName = Release;
		};
/* End XCConfigurationList section */
	};
	rootObject = 1CD47D671BC59471002BB2CB /* Project object */;
}
